// !$*UTF8*$!
{
	archiveVersion = 1;
	classes = {};
	objectVersion = 56;
	objects = {

/* Begin PBXBuildFile section */
	A10001 /* Models.swift in Sources */ = {isa = PBXBuildFile; fileRef = A20001; };
	A10002 /* VideoScraper.swift in Sources */ = {isa = PBXBuildFile; fileRef = A20002; };
	A10003 /* ClipboardManager.swift in Sources */ = {isa = PBXBuildFile; fileRef = A20003; };
	A10004 /* VidDLApp.swift in Sources */ = {isa = PBXBuildFile; fileRef = A20004; };
	A10005 /* ContentView.swift in Sources */ = {isa = PBXBuildFile; fileRef = A20005; };
	A10042 /* CloudSyncScheduler.swift in Sources */ = {isa = PBXBuildFile; fileRef = A20042; };
	A10043 /* WidgetDataStore.swift in Sources */ = {isa = PBXBuildFile; fileRef = A20043; };
	A10047 /* ActiveWorkTracker.swift in Sources */ = {isa = PBXBuildFile; fileRef = A20047; };
		A10008 /* MegaManager.swift in Sources */ = {isa = PBXBuildFile; fileRef = A20009; };
		A10011 /* GDriveManager.swift in Sources */ = {isa = PBXBuildFile; fileRef = A20011; };
		A10086 /* SeedboxManager.swift in Sources */ = {isa = PBXBuildFile; fileRef = A20086 /* SeedboxManager.swift */; };
	A10010 /* Assets.xcassets in Resources */ = {isa = PBXBuildFile; fileRef = A20010; };
	A10013 /* AppStateManager.swift in Sources */ = {isa = PBXBuildFile; fileRef = A20013; };
	A10014 /* NotificationManager.swift in Sources */ = {isa = PBXBuildFile; fileRef = A20014; };
	A10015 /* ThumbnailCache.swift in Sources */ = {isa = PBXBuildFile; fileRef = A20015; };
	A10016 /* VideoLibrary.swift in Sources */ = {isa = PBXBuildFile; fileRef = A20016; };
	A10017 /* DownloadQueue.swift in Sources */ = {isa = PBXBuildFile; fileRef = A20017; };
	A10018 /* HomeView.swift in Sources */ = {isa = PBXBuildFile; fileRef = A20018; };
	A10019 /* LibraryView.swift in Sources */ = {isa = PBXBuildFile; fileRef = A20019; };
	A10130 /* LibraryPipelineStore.swift in Sources */ = {isa = PBXBuildFile; fileRef = A20130 /* LibraryPipelineStore.swift */; };
	A10089 /* LibraryThumbnailResolver.swift in Sources */ = {isa = PBXBuildFile; fileRef = A20089 /* LibraryThumbnailResolver.swift */; };
	A10020 /* DownloadQueueView.swift in Sources */ = {isa = PBXBuildFile; fileRef = A20020; };
	A10052 /* DownloadManager.swift in Sources */ = {isa = PBXBuildFile; fileRef = A20052; };
	A10021 /* DropHandler.swift in Sources */ = {isa = PBXBuildFile; fileRef = A20021; };
	A10022 /* AboutWindow.swift in Sources */ = {isa = PBXBuildFile; fileRef = A20022; };
	A10025 /* ProFeatureGate.swift in Sources */ = {isa = PBXBuildFile; fileRef = A20025; };
	A10026 /* UpgradeOverlay.swift in Sources */ = {isa = PBXBuildFile; fileRef = A20026; };
	A10027 /* IntentHandler.swift in Sources */ = {isa = PBXBuildFile; fileRef = A20027; };
	A10028 /* ScraperEngine.swift in Sources */ = {isa = PBXBuildFile; fileRef = A20028; };
	A10029 /* NativeVideoPageExtractor.swift in Sources */ = {isa = PBXBuildFile; fileRef = A20029; };
	A10030 /* YtDlpExtractor.swift in Sources */ = {isa = PBXBuildFile; fileRef = A20030; };
	A10031 /* M3U8Extractor.swift in Sources */ = {isa = PBXBuildFile; fileRef = A20031; };
	A10032 /* ScraperErrors.swift in Sources */ = {isa = PBXBuildFile; fileRef = A20032; };
	A10033 /* CloudHub.swift in Sources */ = {isa = PBXBuildFile; fileRef = A20033; };
	A10038 /* VideoProcessor.swift in Sources */ = {isa = PBXBuildFile; fileRef = A20038; };
	A10041 /* CloudKitManager.swift in Sources */ = {isa = PBXBuildFile; fileRef = A20041; };
	A10053 /* VidaraExtractor.swift in Sources */ = {isa = PBXBuildFile; fileRef = A20053; };
	A10055 /* LuluStreamExtractor.swift in Sources */ = {isa = PBXBuildFile; fileRef = A20055; };
	A10056 /* ProviderLinkExtractor.swift in Sources */ = {isa = PBXBuildFile; fileRef = A20056; };
	A10054 /* DownloadProgressDelegate.swift in Sources */ = {isa = PBXBuildFile; fileRef = A20054; };
	A10057 /* StreamTapeExtractor.swift in Sources */ = {isa = PBXBuildFile; fileRef = A20057; };
	A10058 /* MixDropExtractor.swift in Sources */ = {isa = PBXBuildFile; fileRef = A20058; };
	A10059 /* DoodStreamExtractor.swift in Sources */ = {isa = PBXBuildFile; fileRef = A20059; };
	A10120 /* HQPornerExtractor.swift in Sources */ = {isa = PBXBuildFile; fileRef = A20120 /* HQPornerExtractor.swift */; };
	A10060 /* WebViewExtractor.swift in Sources */ = {isa = PBXBuildFile; fileRef = A20060 /* WebViewExtractor.swift */; };
	A10061 /* LicenseManager.swift in Sources */ = {isa = PBXBuildFile; fileRef = A20061 /* LicenseManager.swift */; };
	A10064 /* HardwareID.swift in Sources */ = {isa = PBXBuildFile; fileRef = A20064 /* HardwareID.swift */; };
	A10062 /* Theme.swift in Sources */ = {isa = PBXBuildFile; fileRef = A20062; };
		A10063 /* GlassComponents.swift in Sources */ = {isa = PBXBuildFile; fileRef = A20063; };
	A10067 /* HistoryManager.swift in Sources */ = {isa = PBXBuildFile; fileRef = A20067 /* HistoryManager.swift */; };
	A10068 /* HistoryView.swift in Sources */ = {isa = PBXBuildFile; fileRef = A20068 /* HistoryView.swift */; };
	A10071 /* SettingsView.swift in Sources */ = {isa = PBXBuildFile; fileRef = A20071 /* SettingsView.swift */; };
	A10087 /* SettingsDependencyState.swift in Sources */ = {isa = PBXBuildFile; fileRef = A20087 /* SettingsDependencyState.swift */; };
	A10088 /* SettingsDependencyStore.swift in Sources */ = {isa = PBXBuildFile; fileRef = A20088 /* SettingsDependencyStore.swift */; };
	A10129 /* RcloneRemoteSetup.swift in Sources */ = {isa = PBXBuildFile; fileRef = A20129 /* RcloneRemoteSetup.swift */; };
	A10072 /* DependencySetupPanel.swift in Sources */ = {isa = PBXBuildFile; fileRef = A20072 /* DependencySetupPanel.swift */; };
	A10073 /* VideoResultRow.swift in Sources */ = {isa = PBXBuildFile; fileRef = A20073 /* VideoResultRow.swift */; };
	A10090 /* HomeLayoutMetrics.swift in Sources */ = {isa = PBXBuildFile; fileRef = A20090 /* HomeLayoutMetrics.swift */; };
	A10091 /* HomeURLInputModel.swift in Sources */ = {isa = PBXBuildFile; fileRef = A20091 /* HomeURLInputModel.swift */; };
	A10092 /* HomeHeroHeader.swift in Sources */ = {isa = PBXBuildFile; fileRef = A20092 /* HomeHeroHeader.swift */; };
	A10093 /* HomeURLInputCard.swift in Sources */ = {isa = PBXBuildFile; fileRef = A20093 /* HomeURLInputCard.swift */; };
	A10119 /* HomeCompactQueue.swift in Sources */ = {isa = PBXBuildFile; fileRef = A20119 /* HomeCompactQueue.swift */; };
	A10131 /* ExtractionModalView.swift in Sources */ = {isa = PBXBuildFile; fileRef = A20131 /* ExtractionModalView.swift */; };
	A10094 /* VideoResultPresentation.swift in Sources */ = {isa = PBXBuildFile; fileRef = A20094 /* VideoResultPresentation.swift */; };
	A10095 /* BatchDownloadBar.swift in Sources */ = {isa = PBXBuildFile; fileRef = A20095 /* BatchDownloadBar.swift */; };
	A10096 /* HomeStatusRail.swift in Sources */ = {isa = PBXBuildFile; fileRef = A20096 /* HomeStatusRail.swift */; };
	A10097 /* VideoResultCard.swift in Sources */ = {isa = PBXBuildFile; fileRef = A20097 /* VideoResultCard.swift */; };
	A10098 /* FeedItem.swift in Sources */ = {isa = PBXBuildFile; fileRef = A20098 /* FeedItem.swift */; };
	A10099 /* FeedScraper.swift in Sources */ = {isa = PBXBuildFile; fileRef = A20099 /* FeedScraper.swift */; };
	A10100 /* FeedViewModel.swift in Sources */ = {isa = PBXBuildFile; fileRef = A20100 /* FeedViewModel.swift */; };
	A10102 /* FeedView.swift in Sources */ = {isa = PBXBuildFile; fileRef = A20102 /* FeedView.swift */; };
		A10121 /* PornHubSessionManager.swift in Sources */ = {isa = PBXBuildFile; fileRef = A20121 /* PornHubSessionManager.swift */; };
		A10122 /* PornHubLoginView.swift in Sources */ = {isa = PBXBuildFile; fileRef = A20122 /* PornHubLoginView.swift */; };
		A10128 /* PornHubBrowserView.swift in Sources */ = {isa = PBXBuildFile; fileRef = A20128 /* PornHubBrowserView.swift */; };
		A10126 /* EpornerSessionManager.swift in Sources */ = {isa = PBXBuildFile; fileRef = A20126 /* EpornerSessionManager.swift */; };
		A10127 /* EpornerLoginView.swift in Sources */ = {isa = PBXBuildFile; fileRef = A20127 /* EpornerLoginView.swift */; };
	A10103 /* FeedFavoriteItem.swift in Sources */ = {isa = PBXBuildFile; fileRef = A20103 /* FeedFavoriteItem.swift */; };
	A10104 /* FeedFavoritesStore.swift in Sources */ = {isa = PBXBuildFile; fileRef = A20104 /* FeedFavoritesStore.swift */; };
	A10105 /* FavoritesDisplay.swift in Sources */ = {isa = PBXBuildFile; fileRef = A20105 /* FavoritesDisplay.swift */; };
	A10106 /* FavoritesView.swift in Sources */ = {isa = PBXBuildFile; fileRef = A20106 /* FavoritesView.swift */; };
	A10107 /* FavoriteCardView.swift in Sources */ = {isa = PBXBuildFile; fileRef = A20107 /* FavoriteCardView.swift */; };
	A10108 /* RemoteFileModels.swift in Sources */ = {isa = PBXBuildFile; fileRef = A20108 /* RemoteFileModels.swift */; };
	A10109 /* RemotePath.swift in Sources */ = {isa = PBXBuildFile; fileRef = A20109 /* RemotePath.swift */; };
	A10110 /* RemoteFileClient.swift in Sources */ = {isa = PBXBuildFile; fileRef = A20110 /* RemoteFileClient.swift */; };
	A10111 /* RemoteFileTextPolicy.swift in Sources */ = {isa = PBXBuildFile; fileRef = A20111 /* RemoteFileTextPolicy.swift */; };
	A10112 /* RcloneRemoteFileClient.swift in Sources */ = {isa = PBXBuildFile; fileRef = A20112 /* RcloneRemoteFileClient.swift */; };
	A10113 /* WebDAVRemoteFileClient.swift in Sources */ = {isa = PBXBuildFile; fileRef = A20113 /* WebDAVRemoteFileClient.swift */; };
	A10114 /* SeedboxRemoteFileClient.swift in Sources */ = {isa = PBXBuildFile; fileRef = A20114 /* SeedboxRemoteFileClient.swift */; };
	A10115 /* RemoteFilesViewModel.swift in Sources */ = {isa = PBXBuildFile; fileRef = A20115 /* RemoteFilesViewModel.swift */; };
	A10117 /* RemoteFileEditorView.swift in Sources */ = {isa = PBXBuildFile; fileRef = A20117 /* RemoteFileEditorView.swift */; };
	A10118 /* RemoteFilesDisplay.swift in Sources */ = {isa = PBXBuildFile; fileRef = A20118 /* RemoteFilesDisplay.swift */; };
	A10074 /* String+Parsing.swift in Sources */ = {isa = PBXBuildFile; fileRef = A20074 /* String+Parsing.swift */; };
	A10075 /* NetworkConstants.swift in Sources */ = {isa = PBXBuildFile; fileRef = A20075 /* NetworkConstants.swift */; };
	A10076 /* Logging.swift in Sources */ = {isa = PBXBuildFile; fileRef = A20076 /* Logging.swift */; };
	A10077 /* SubprocessRunner.swift in Sources */ = {isa = PBXBuildFile; fileRef = A20077 /* SubprocessRunner.swift */; };
	A10078 /* DownloadPaths.swift in Sources */ = {isa = PBXBuildFile; fileRef = A20078 /* DownloadPaths.swift */; };
	A10079 /* DownloadProgressParsers.swift in Sources */ = {isa = PBXBuildFile; fileRef = A20079 /* DownloadProgressParsers.swift */; };
	A10080 /* DownloadResolution.swift in Sources */ = {isa = PBXBuildFile; fileRef = A20080 /* DownloadResolution.swift */; };
	A10081 /* DownloadJobs.swift in Sources */ = {isa = PBXBuildFile; fileRef = A20081 /* DownloadJobs.swift */; };
	A10082 /* DirectDownloader.swift in Sources */ = {isa = PBXBuildFile; fileRef = A20082 /* DirectDownloader.swift */; };
	A10083 /* YtDlpRunner.swift in Sources */ = {isa = PBXBuildFile; fileRef = A20083 /* YtDlpRunner.swift */; };
	A10084 /* HLSDownloader.swift in Sources */ = {isa = PBXBuildFile; fileRef = A20084 /* HLSDownloader.swift */; };
	A10085 /* EncryptedHLSDecoder.swift in Sources */ = {isa = PBXBuildFile; fileRef = A20085 /* EncryptedHLSDecoder.swift */; };
	T10001 /* SubprocessRunnerTests.swift in Sources */ = {isa = PBXBuildFile; fileRef = T20001 /* SubprocessRunnerTests.swift */; };
	T10002 /* DownloadResolutionTests.swift in Sources */ = {isa = PBXBuildFile; fileRef = T20002 /* DownloadResolutionTests.swift */; };
	T10003 /* DownloadQueueProjectionTests.swift in Sources */ = {isa = PBXBuildFile; fileRef = T20003 /* DownloadQueueProjectionTests.swift */; };
	T10004 /* ProgressParserTests.swift in Sources */ = {isa = PBXBuildFile; fileRef = T20004 /* ProgressParserTests.swift */; };
	T10005 /* SettingsDependencyStateTests.swift in Sources */ = {isa = PBXBuildFile; fileRef = T20005 /* SettingsDependencyStateTests.swift */; };
	T10006 /* ThumbnailCacheTests.swift in Sources */ = {isa = PBXBuildFile; fileRef = T20006 /* ThumbnailCacheTests.swift */; };
	T10007 /* LibraryThumbnailResolverTests.swift in Sources */ = {isa = PBXBuildFile; fileRef = T20007 /* LibraryThumbnailResolverTests.swift */; };
	T10008 /* HomeURLInputModelTests.swift in Sources */ = {isa = PBXBuildFile; fileRef = T20008 /* HomeURLInputModelTests.swift */; };
	T10009 /* VideoResultPresentationTests.swift in Sources */ = {isa = PBXBuildFile; fileRef = T20009 /* VideoResultPresentationTests.swift */; };
	T10010 /* HomeBatchTargetTests.swift in Sources */ = {isa = PBXBuildFile; fileRef = T20010 /* HomeBatchTargetTests.swift */; };
	T10011 /* FeedFilterTests.swift in Sources */ = {isa = PBXBuildFile; fileRef = T20011 /* FeedFilterTests.swift */; };
	T10012 /* HQPornerFeedScraperTests.swift in Sources */ = {isa = PBXBuildFile; fileRef = T20012 /* HQPornerFeedScraperTests.swift */; };
	T10013 /* DownloadQueueResumeTests.swift in Sources */ = {isa = PBXBuildFile; fileRef = T20013 /* DownloadQueueResumeTests.swift */; };
	T10014 /* FeedFavoritesTests.swift in Sources */ = {isa = PBXBuildFile; fileRef = T20014 /* FeedFavoritesTests.swift */; };
	T10015 /* RemotePathTests.swift in Sources */ = {isa = PBXBuildFile; fileRef = T20015 /* RemotePathTests.swift */; };
	T10016 /* RcloneRemoteFileParserTests.swift in Sources */ = {isa = PBXBuildFile; fileRef = T20016 /* RcloneRemoteFileParserTests.swift */; };
	T10017 /* WebDAVRemoteFileParserTests.swift in Sources */ = {isa = PBXBuildFile; fileRef = T20017 /* WebDAVRemoteFileParserTests.swift */; };
	T10018 /* RemoteFileTextPolicyTests.swift in Sources */ = {isa = PBXBuildFile; fileRef = T20018 /* RemoteFileTextPolicyTests.swift */; };
	T10019 /* RemoteFilesDisplayTests.swift in Sources */ = {isa = PBXBuildFile; fileRef = T20019 /* RemoteFilesDisplayTests.swift */; };
	T10020 /* VideoProcessingTests.swift in Sources */ = {isa = PBXBuildFile; fileRef = T20020 /* VideoProcessingTests.swift */; };
	T10021 /* ProfileNarrativeFormatterTests.swift in Sources */ = {isa = PBXBuildFile; fileRef = T20021 /* ProfileNarrativeFormatterTests.swift */; };
	T10022 /* NavigationGateTests.swift in Sources */ = {isa = PBXBuildFile; fileRef = T20022 /* NavigationGateTests.swift */; };
	T10023 /* PornHubBrowserTests.swift in Sources */ = {isa = PBXBuildFile; fileRef = T20023 /* PornHubBrowserTests.swift */; };
	T10024 /* DownloadPathsTests.swift in Sources */ = {isa = PBXBuildFile; fileRef = T20024 /* DownloadPathsTests.swift */; };
	T10025 /* RcloneRemoteSetupTests.swift in Sources */ = {isa = PBXBuildFile; fileRef = T20025 /* RcloneRemoteSetupTests.swift */; };
/* End PBXBuildFile section */

/* Begin PBXFileReference section */
	A20001 /* Models.swift */ = {isa = PBXFileReference; lastKnownFileType = sourcecode.swift; path = Models.swift; sourceTree = "<group>"; };
	A20002 /* VideoScraper.swift */ = {isa = PBXFileReference; lastKnownFileType = sourcecode.swift; path = VideoScraper.swift; sourceTree = "<group>"; };
	A20003 /* ClipboardManager.swift */ = {isa = PBXFileReference; lastKnownFileType = sourcecode.swift; path = ClipboardManager.swift; sourceTree = "<group>"; };
	A20004 /* VidDLApp.swift */ = {isa = PBXFileReference; lastKnownFileType = sourcecode.swift; path = VidDLApp.swift; sourceTree = "<group>"; };
	A20005 /* ContentView.swift */ = {isa = PBXFileReference; lastKnownFileType = sourcecode.swift; path = ContentView.swift; sourceTree = "<group>"; };
	A20010 /* Assets.xcassets */ = {isa = PBXFileReference; lastKnownFileType = folder.assetcatalog; path = Assets.xcassets; sourceTree = "<group>"; };
	A20008 /* Info.plist */ = {isa = PBXFileReference; fileEncoding = 4; lastKnownFileType = text.plist.xml; path = Info.plist; sourceTree = "<group>"; };
		A20009 /* MegaManager.swift */ = {isa = PBXFileReference; lastKnownFileType = sourcecode.swift; path = MegaManager.swift; sourceTree = "<group>"; };
		A20011 /* GDriveManager.swift */ = {isa = PBXFileReference; lastKnownFileType = sourcecode.swift; path = GDriveManager.swift; sourceTree = "<group>"; };
		A20086 /* SeedboxManager.swift */ = {isa = PBXFileReference; lastKnownFileType = sourcecode.swift; path = SeedboxManager.swift; sourceTree = "<group>"; };
	A20013 /* AppStateManager.swift */ = {isa = PBXFileReference; lastKnownFileType = sourcecode.swift; path = AppStateManager.swift; sourceTree = "<group>"; };
	A20014 /* NotificationManager.swift */ = {isa = PBXFileReference; lastKnownFileType = sourcecode.swift; path = NotificationManager.swift; sourceTree = "<group>"; };
	A20015 /* ThumbnailCache.swift */ = {isa = PBXFileReference; lastKnownFileType = sourcecode.swift; path = ThumbnailCache.swift; sourceTree = "<group>"; };
	A20016 /* VideoLibrary.swift */ = {isa = PBXFileReference; lastKnownFileType = sourcecode.swift; path = VideoLibrary.swift; sourceTree = "<group>"; };
	A20017 /* DownloadQueue.swift */ = {isa = PBXFileReference; lastKnownFileType = sourcecode.swift; path = DownloadQueue.swift; sourceTree = "<group>"; };
	A20018 /* HomeView.swift */ = {isa = PBXFileReference; lastKnownFileType = sourcecode.swift; path = HomeView.swift; sourceTree = "<group>"; };
	A20019 /* LibraryView.swift */ = {isa = PBXFileReference; lastKnownFileType = sourcecode.swift; path = LibraryView.swift; sourceTree = "<group>"; };
	A20130 /* LibraryPipelineStore.swift */ = {isa = PBXFileReference; lastKnownFileType = sourcecode.swift; path = LibraryPipelineStore.swift; sourceTree = "<group>"; };
	A20089 /* LibraryThumbnailResolver.swift */ = {isa = PBXFileReference; lastKnownFileType = sourcecode.swift; path = LibraryThumbnailResolver.swift; sourceTree = "<group>"; };
	A20020 /* DownloadQueueView.swift */ = {isa = PBXFileReference; lastKnownFileType = sourcecode.swift; path = DownloadQueueView.swift; sourceTree = "<group>"; };
	A20021 /* DropHandler.swift */ = {isa = PBXFileReference; lastKnownFileType = sourcecode.swift; path = DropHandler.swift; sourceTree = "<group>"; };
	A20022 /* AboutWindow.swift */ = {isa = PBXFileReference; lastKnownFileType = sourcecode.swift; path = AboutWindow.swift; sourceTree = "<group>"; };
	A20025 /* ProFeatureGate.swift */ = {isa = PBXFileReference; lastKnownFileType = sourcecode.swift; path = ProFeatureGate.swift; sourceTree = "<group>"; };
	A20026 /* UpgradeOverlay.swift */ = {isa = PBXFileReference; lastKnownFileType = sourcecode.swift; path = UpgradeOverlay.swift; sourceTree = "<group>"; };
	A20027 /* IntentHandler.swift */ = {isa = PBXFileReference; lastKnownFileType = sourcecode.swift; path = IntentHandler.swift; sourceTree = "<group>"; };
	A20028 /* ScraperEngine.swift */ = {isa = PBXFileReference; lastKnownFileType = sourcecode.swift; path = ScraperEngine.swift; sourceTree = "<group>"; };
	A20029 /* NativeVideoPageExtractor.swift */ = {isa = PBXFileReference; lastKnownFileType = sourcecode.swift; path = NativeVideoPageExtractor.swift; sourceTree = "<group>"; };
	A20030 /* YtDlpExtractor.swift */ = {isa = PBXFileReference; lastKnownFileType = sourcecode.swift; path = YtDlpExtractor.swift; sourceTree = "<group>"; };
	A20031 /* M3U8Extractor.swift */ = {isa = PBXFileReference; lastKnownFileType = sourcecode.swift; path = M3U8Extractor.swift; sourceTree = "<group>"; };
	A20032 /* ScraperErrors.swift */ = {isa = PBXFileReference; lastKnownFileType = sourcecode.swift; path = ScraperErrors.swift; sourceTree = "<group>"; };
	A20053 /* VidaraExtractor.swift */ = {isa = PBXFileReference; lastKnownFileType = sourcecode.swift; path = VidaraExtractor.swift; sourceTree = "<group>"; };
	A20055 /* LuluStreamExtractor.swift */ = {isa = PBXFileReference; lastKnownFileType = sourcecode.swift; path = LuluStreamExtractor.swift; sourceTree = "<group>"; };
	A20056 /* ProviderLinkExtractor.swift */ = {isa = PBXFileReference; lastKnownFileType = sourcecode.swift; path = ProviderLinkExtractor.swift; sourceTree = "<group>"; };
	A20054 /* DownloadProgressDelegate.swift */ = {isa = PBXFileReference; lastKnownFileType = sourcecode.swift; path = DownloadProgressDelegate.swift; sourceTree = "<group>"; };
	A20033 /* CloudHub.swift */ = {isa = PBXFileReference; lastKnownFileType = sourcecode.swift; path = CloudHub.swift; sourceTree = "<group>"; };
	A20038 /* VideoProcessor.swift */ = {isa = PBXFileReference; lastKnownFileType = sourcecode.swift; path = VideoProcessor.swift; sourceTree = "<group>"; };
	A20041 /* CloudKitManager.swift */ = {isa = PBXFileReference; lastKnownFileType = sourcecode.swift; path = CloudKitManager.swift; sourceTree = "<group>"; };
	A20042 /* CloudSyncScheduler.swift */ = {isa = PBXFileReference; lastKnownFileType = sourcecode.swift; path = CloudSyncScheduler.swift; sourceTree = "<group>"; };
	A20043 /* WidgetDataStore.swift */ = {isa = PBXFileReference; lastKnownFileType = sourcecode.swift; path = WidgetDataStore.swift; sourceTree = "<group>"; };
	A20047 /* ActiveWorkTracker.swift */ = {isa = PBXFileReference; lastKnownFileType = sourcecode.swift; path = ActiveWorkTracker.swift; sourceTree = "<group>"; };
	A20050 /* CHANGELOG.md */ = {isa = PBXFileReference; lastKnownFileType = text; name = CHANGELOG.md; path = Resources/CHANGELOG.md; sourceTree = "<group>"; };
	A20051 /* LICENSE */ = {isa = PBXFileReference; lastKnownFileType = text; name = LICENSE; path = Resources/LICENSE; sourceTree = "<group>"; };
	A20052 /* DownloadManager.swift */ = {isa = PBXFileReference; lastKnownFileType = sourcecode.swift; path = DownloadManager.swift; sourceTree = "<group>"; };
	A20057 /* StreamTapeExtractor.swift */ = {isa = PBXFileReference; lastKnownFileType = sourcecode.swift; path = StreamTapeExtractor.swift; sourceTree = "<group>"; };
	A20058 /* MixDropExtractor.swift */ = {isa = PBXFileReference; lastKnownFileType = sourcecode.swift; path = MixDropExtractor.swift; sourceTree = "<group>"; };
	A20059 /* DoodStreamExtractor.swift */ = {isa = PBXFileReference; lastKnownFileType = sourcecode.swift; path = DoodStreamExtractor.swift; sourceTree = "<group>"; };
	A20120 /* HQPornerExtractor.swift */ = {isa = PBXFileReference; lastKnownFileType = sourcecode.swift; path = HQPornerExtractor.swift; sourceTree = "<group>"; };
	A20060 /* WebViewExtractor.swift */ = {isa = PBXFileReference; fileEncoding = 4; lastKnownFileType = sourcecode.swift; path = WebViewExtractor.swift; sourceTree = "<group>"; };
	A20061 /* LicenseManager.swift */ = {isa = PBXFileReference; lastKnownFileType = sourcecode.swift; path = LicenseManager.swift; sourceTree = "<group>"; };
	A20064 /* HardwareID.swift */ = {isa = PBXFileReference; lastKnownFileType = sourcecode.swift; path = HardwareID.swift; sourceTree = "<group>"; };
	A20062 /* Theme.swift */ = {isa = PBXFileReference; lastKnownFileType = sourcecode.swift; path = Theme.swift; sourceTree = "<group>"; };
		A20063 /* GlassComponents.swift */ = {isa = PBXFileReference; lastKnownFileType = sourcecode.swift; path = GlassComponents.swift; sourceTree = "<group>"; };
	A20067 /* HistoryManager.swift */ = {isa = PBXFileReference; lastKnownFileType = sourcecode.swift; path = HistoryManager.swift; sourceTree = "<group>"; };
	A20068 /* HistoryView.swift */ = {isa = PBXFileReference; lastKnownFileType = sourcecode.swift; path = HistoryView.swift; sourceTree = "<group>"; };
	A20071 /* SettingsView.swift */ = {isa = PBXFileReference; lastKnownFileType = sourcecode.swift; path = SettingsView.swift; sourceTree = "<group>"; };
	A20087 /* SettingsDependencyState.swift */ = {isa = PBXFileReference; lastKnownFileType = sourcecode.swift; path = SettingsDependencyState.swift; sourceTree = "<group>"; };
	A20088 /* SettingsDependencyStore.swift */ = {isa = PBXFileReference; lastKnownFileType = sourcecode.swift; path = SettingsDependencyStore.swift; sourceTree = "<group>"; };
	A20129 /* RcloneRemoteSetup.swift */ = {isa = PBXFileReference; lastKnownFileType = sourcecode.swift; path = RcloneRemoteSetup.swift; sourceTree = "<group>"; };
	A20072 /* DependencySetupPanel.swift */ = {isa = PBXFileReference; lastKnownFileType = sourcecode.swift; path = DependencySetupPanel.swift; sourceTree = "<group>"; };
	A20073 /* VideoResultRow.swift */ = {isa = PBXFileReference; lastKnownFileType = sourcecode.swift; path = VideoResultRow.swift; sourceTree = "<group>"; };
	A20090 /* HomeLayoutMetrics.swift */ = {isa = PBXFileReference; lastKnownFileType = sourcecode.swift; path = HomeLayoutMetrics.swift; sourceTree = "<group>"; };
	A20091 /* HomeURLInputModel.swift */ = {isa = PBXFileReference; lastKnownFileType = sourcecode.swift; path = HomeURLInputModel.swift; sourceTree = "<group>"; };
	A20092 /* HomeHeroHeader.swift */ = {isa = PBXFileReference; lastKnownFileType = sourcecode.swift; path = HomeHeroHeader.swift; sourceTree = "<group>"; };
	A20093 /* HomeURLInputCard.swift */ = {isa = PBXFileReference; lastKnownFileType = sourcecode.swift; path = HomeURLInputCard.swift; sourceTree = "<group>"; };
	A20119 /* HomeCompactQueue.swift */ = {isa = PBXFileReference; lastKnownFileType = sourcecode.swift; path = HomeCompactQueue.swift; sourceTree = "<group>"; };
	A20131 /* ExtractionModalView.swift */ = {isa = PBXFileReference; lastKnownFileType = sourcecode.swift; path = ExtractionModalView.swift; sourceTree = "<group>"; };
	A20094 /* VideoResultPresentation.swift */ = {isa = PBXFileReference; lastKnownFileType = sourcecode.swift; path = VideoResultPresentation.swift; sourceTree = "<group>"; };
	A20095 /* BatchDownloadBar.swift */ = {isa = PBXFileReference; lastKnownFileType = sourcecode.swift; path = BatchDownloadBar.swift; sourceTree = "<group>"; };
	A20096 /* HomeStatusRail.swift */ = {isa = PBXFileReference; lastKnownFileType = sourcecode.swift; path = HomeStatusRail.swift; sourceTree = "<group>"; };
	A20097 /* VideoResultCard.swift */ = {isa = PBXFileReference; lastKnownFileType = sourcecode.swift; path = VideoResultCard.swift; sourceTree = "<group>"; };
	A20098 /* FeedItem.swift */ = {isa = PBXFileReference; lastKnownFileType = sourcecode.swift; path = FeedItem.swift; sourceTree = "<group>"; };
	A20099 /* FeedScraper.swift */ = {isa = PBXFileReference; lastKnownFileType = sourcecode.swift; path = FeedScraper.swift; sourceTree = "<group>"; };
	A20100 /* FeedViewModel.swift */ = {isa = PBXFileReference; lastKnownFileType = sourcecode.swift; path = FeedViewModel.swift; sourceTree = "<group>"; };
	A20102 /* FeedView.swift */ = {isa = PBXFileReference; lastKnownFileType = sourcecode.swift; path = FeedView.swift; sourceTree = "<group>"; };
		A20121 /* PornHubSessionManager.swift */ = {isa = PBXFileReference; lastKnownFileType = sourcecode.swift; path = PornHubSessionManager.swift; sourceTree = "<group>"; };
		A20122 /* PornHubLoginView.swift */ = {isa = PBXFileReference; lastKnownFileType = sourcecode.swift; path = PornHubLoginView.swift; sourceTree = "<group>"; };
		A20128 /* PornHubBrowserView.swift */ = {isa = PBXFileReference; lastKnownFileType = sourcecode.swift; path = PornHubBrowserView.swift; sourceTree = "<group>"; };
		A20126 /* EpornerSessionManager.swift */ = {isa = PBXFileReference; lastKnownFileType = sourcecode.swift; path = EpornerSessionManager.swift; sourceTree = "<group>"; };
		A20127 /* EpornerLoginView.swift */ = {isa = PBXFileReference; lastKnownFileType = sourcecode.swift; path = EpornerLoginView.swift; sourceTree = "<group>"; };
	A20103 /* FeedFavoriteItem.swift */ = {isa = PBXFileReference; lastKnownFileType = sourcecode.swift; path = FeedFavoriteItem.swift; sourceTree = "<group>"; };
	A20104 /* FeedFavoritesStore.swift */ = {isa = PBXFileReference; lastKnownFileType = sourcecode.swift; path = FeedFavoritesStore.swift; sourceTree = "<group>"; };
	A20105 /* FavoritesDisplay.swift */ = {isa = PBXFileReference; lastKnownFileType = sourcecode.swift; path = FavoritesDisplay.swift; sourceTree = "<group>"; };
	A20106 /* FavoritesView.swift */ = {isa = PBXFileReference; lastKnownFileType = sourcecode.swift; path = FavoritesView.swift; sourceTree = "<group>"; };
	A20107 /* FavoriteCardView.swift */ = {isa = PBXFileReference; lastKnownFileType = sourcecode.swift; path = FavoriteCardView.swift; sourceTree = "<group>"; };
	A20108 /* RemoteFileModels.swift */ = {isa = PBXFileReference; lastKnownFileType = sourcecode.swift; path = RemoteFileModels.swift; sourceTree = "<group>"; };
	A20109 /* RemotePath.swift */ = {isa = PBXFileReference; lastKnownFileType = sourcecode.swift; path = RemotePath.swift; sourceTree = "<group>"; };
	A20110 /* RemoteFileClient.swift */ = {isa = PBXFileReference; lastKnownFileType = sourcecode.swift; path = RemoteFileClient.swift; sourceTree = "<group>"; };
	A20111 /* RemoteFileTextPolicy.swift */ = {isa = PBXFileReference; lastKnownFileType = sourcecode.swift; path = RemoteFileTextPolicy.swift; sourceTree = "<group>"; };
	A20112 /* RcloneRemoteFileClient.swift */ = {isa = PBXFileReference; lastKnownFileType = sourcecode.swift; path = RcloneRemoteFileClient.swift; sourceTree = "<group>"; };
	A20113 /* WebDAVRemoteFileClient.swift */ = {isa = PBXFileReference; lastKnownFileType = sourcecode.swift; path = WebDAVRemoteFileClient.swift; sourceTree = "<group>"; };
	A20114 /* SeedboxRemoteFileClient.swift */ = {isa = PBXFileReference; lastKnownFileType = sourcecode.swift; path = SeedboxRemoteFileClient.swift; sourceTree = "<group>"; };
	A20115 /* RemoteFilesViewModel.swift */ = {isa = PBXFileReference; lastKnownFileType = sourcecode.swift; path = RemoteFilesViewModel.swift; sourceTree = "<group>"; };
	A20117 /* RemoteFileEditorView.swift */ = {isa = PBXFileReference; lastKnownFileType = sourcecode.swift; path = RemoteFileEditorView.swift; sourceTree = "<group>"; };
	A20118 /* RemoteFilesDisplay.swift */ = {isa = PBXFileReference; lastKnownFileType = sourcecode.swift; path = RemoteFilesDisplay.swift; sourceTree = "<group>"; };
	A20074 /* String+Parsing.swift */ = {isa = PBXFileReference; lastKnownFileType = sourcecode.swift; path = "String+Parsing.swift"; sourceTree = "<group>"; };
	A20075 /* NetworkConstants.swift */ = {isa = PBXFileReference; lastKnownFileType = sourcecode.swift; path = NetworkConstants.swift; sourceTree = "<group>"; };
	A20076 /* Logging.swift */ = {isa = PBXFileReference; lastKnownFileType = sourcecode.swift; path = Logging.swift; sourceTree = "<group>"; };
	A20077 /* SubprocessRunner.swift */ = {isa = PBXFileReference; lastKnownFileType = sourcecode.swift; path = SubprocessRunner.swift; sourceTree = "<group>"; };
	A20078 /* DownloadPaths.swift */ = {isa = PBXFileReference; lastKnownFileType = sourcecode.swift; path = DownloadPaths.swift; sourceTree = "<group>"; };
	A20079 /* DownloadProgressParsers.swift */ = {isa = PBXFileReference; lastKnownFileType = sourcecode.swift; path = DownloadProgressParsers.swift; sourceTree = "<group>"; };
	A20080 /* DownloadResolution.swift */ = {isa = PBXFileReference; lastKnownFileType = sourcecode.swift; path = DownloadResolution.swift; sourceTree = "<group>"; };
	A20081 /* DownloadJobs.swift */ = {isa = PBXFileReference; lastKnownFileType = sourcecode.swift; path = DownloadJobs.swift; sourceTree = "<group>"; };
	A20082 /* DirectDownloader.swift */ = {isa = PBXFileReference; lastKnownFileType = sourcecode.swift; path = DirectDownloader.swift; sourceTree = "<group>"; };
	A20083 /* YtDlpRunner.swift */ = {isa = PBXFileReference; lastKnownFileType = sourcecode.swift; path = YtDlpRunner.swift; sourceTree = "<group>"; };
	A20084 /* HLSDownloader.swift */ = {isa = PBXFileReference; lastKnownFileType = sourcecode.swift; path = HLSDownloader.swift; sourceTree = "<group>"; };
	A20085 /* EncryptedHLSDecoder.swift */ = {isa = PBXFileReference; lastKnownFileType = sourcecode.swift; path = EncryptedHLSDecoder.swift; sourceTree = "<group>"; };
	A30001 /* VidDL.app */ = {isa = PBXFileReference; explicitFileType = wrapper.application; includeInIndex = 0; path = VidDL.app; sourceTree = BUILT_PRODUCTS_DIR; };
	T20001 /* SubprocessRunnerTests.swift */ = {isa = PBXFileReference; lastKnownFileType = sourcecode.swift; path = SubprocessRunnerTests.swift; sourceTree = "<group>"; };
	T20002 /* DownloadResolutionTests.swift */ = {isa = PBXFileReference; lastKnownFileType = sourcecode.swift; path = DownloadResolutionTests.swift; sourceTree = "<group>"; };
	T20003 /* DownloadQueueProjectionTests.swift */ = {isa = PBXFileReference; lastKnownFileType = sourcecode.swift; path = DownloadQueueProjectionTests.swift; sourceTree = "<group>"; };
	T20004 /* ProgressParserTests.swift */ = {isa = PBXFileReference; lastKnownFileType = sourcecode.swift; path = ProgressParserTests.swift; sourceTree = "<group>"; };
	T20005 /* SettingsDependencyStateTests.swift */ = {isa = PBXFileReference; lastKnownFileType = sourcecode.swift; path = SettingsDependencyStateTests.swift; sourceTree = "<group>"; };
	T20006 /* ThumbnailCacheTests.swift */ = {isa = PBXFileReference; lastKnownFileType = sourcecode.swift; path = ThumbnailCacheTests.swift; sourceTree = "<group>"; };
	T20007 /* LibraryThumbnailResolverTests.swift */ = {isa = PBXFileReference; lastKnownFileType = sourcecode.swift; path = LibraryThumbnailResolverTests.swift; sourceTree = "<group>"; };
	T20008 /* HomeURLInputModelTests.swift */ = {isa = PBXFileReference; lastKnownFileType = sourcecode.swift; path = HomeURLInputModelTests.swift; sourceTree = "<group>"; };
	T20009 /* VideoResultPresentationTests.swift */ = {isa = PBXFileReference; lastKnownFileType = sourcecode.swift; path = VideoResultPresentationTests.swift; sourceTree = "<group>"; };
	T20010 /* HomeBatchTargetTests.swift */ = {isa = PBXFileReference; lastKnownFileType = sourcecode.swift; path = HomeBatchTargetTests.swift; sourceTree = "<group>"; };
	T20011 /* FeedFilterTests.swift */ = {isa = PBXFileReference; lastKnownFileType = sourcecode.swift; path = FeedFilterTests.swift; sourceTree = "<group>"; };
	T20012 /* HQPornerFeedScraperTests.swift */ = {isa = PBXFileReference; lastKnownFileType = sourcecode.swift; path = HQPornerFeedScraperTests.swift; sourceTree = "<group>"; };
	T20013 /* DownloadQueueResumeTests.swift */ = {isa = PBXFileReference; lastKnownFileType = sourcecode.swift; path = DownloadQueueResumeTests.swift; sourceTree = "<group>"; };
	T20014 /* FeedFavoritesTests.swift */ = {isa = PBXFileReference; lastKnownFileType = sourcecode.swift; path = FeedFavoritesTests.swift; sourceTree = "<group>"; };
	T20015 /* RemotePathTests.swift */ = {isa = PBXFileReference; lastKnownFileType = sourcecode.swift; path = RemotePathTests.swift; sourceTree = "<group>"; };
	T20016 /* RcloneRemoteFileParserTests.swift */ = {isa = PBXFileReference; lastKnownFileType = sourcecode.swift; path = RcloneRemoteFileParserTests.swift; sourceTree = "<group>"; };
	T20017 /* WebDAVRemoteFileParserTests.swift */ = {isa = PBXFileReference; lastKnownFileType = sourcecode.swift; path = WebDAVRemoteFileParserTests.swift; sourceTree = "<group>"; };
	T20018 /* RemoteFileTextPolicyTests.swift */ = {isa = PBXFileReference; lastKnownFileType = sourcecode.swift; path = RemoteFileTextPolicyTests.swift; sourceTree = "<group>"; };
	T20019 /* RemoteFilesDisplayTests.swift */ = {isa = PBXFileReference; lastKnownFileType = sourcecode.swift; path = RemoteFilesDisplayTests.swift; sourceTree = "<group>"; };
	T20020 /* VideoProcessingTests.swift */ = {isa = PBXFileReference; lastKnownFileType = sourcecode.swift; path = VideoProcessingTests.swift; sourceTree = "<group>"; };
	T20021 /* ProfileNarrativeFormatterTests.swift */ = {isa = PBXFileReference; lastKnownFileType = sourcecode.swift; path = ProfileNarrativeFormatterTests.swift; sourceTree = "<group>"; };
	T20022 /* NavigationGateTests.swift */ = {isa = PBXFileReference; lastKnownFileType = sourcecode.swift; path = NavigationGateTests.swift; sourceTree = "<group>"; };
	T20023 /* PornHubBrowserTests.swift */ = {isa = PBXFileReference; lastKnownFileType = sourcecode.swift; path = PornHubBrowserTests.swift; sourceTree = "<group>"; };
	T20024 /* DownloadPathsTests.swift */ = {isa = PBXFileReference; lastKnownFileType = sourcecode.swift; path = DownloadPathsTests.swift; sourceTree = "<group>"; };
	T20025 /* RcloneRemoteSetupTests.swift */ = {isa = PBXFileReference; lastKnownFileType = sourcecode.swift; path = RcloneRemoteSetupTests.swift; sourceTree = "<group>"; };
	T30001 /* VidDLTests.xctest */ = {isa = PBXFileReference; explicitFileType = wrapper.cfbundle; includeInIndex = 0; path = VidDLTests.xctest; sourceTree = BUILT_PRODUCTS_DIR; };
/* End PBXFileReference section */

/* Begin PBXFrameworksBuildPhase section */
	A40001 /* Frameworks */ = {
		isa = PBXFrameworksBuildPhase;
		buildActionMask = 2147483647;
		files = (
		);
		runOnlyForDeploymentPostprocessing = 0;
	};
	T40001 /* Frameworks */ = {
		isa = PBXFrameworksBuildPhase;
		buildActionMask = 2147483647;
		files = (
		);
		runOnlyForDeploymentPostprocessing = 0;
	};
/* End PBXFrameworksBuildPhase section */

/* Begin PBXGroup section */
	A50001 = {
		isa = PBXGroup;
		children = (
			A50002 /* PMVDL */,
			T50001 /* PMVDLTests */,
			A50003 /* Products */,
			A50005 /* Resources */,
		);
		sourceTree = "<group>";
	};
	A50002 /* PMVDL */ = {
		isa = PBXGroup;
		children = (
			A20004 /* VidDLApp.swift */,
			A20005 /* ContentView.swift */,
			A50011 /* History */,
			A50019 /* Feed */,
			A50020 /* Favorites */,
			A50021 /* RemoteFiles */,
			A50014 /* Settings */,
			A50015 /* Home */,
			A50016 /* Extensions */,
			A50017 /* Downloads */,
			A50018 /* Infrastructure */,
			A20018 /* HomeView.swift */,
			A20019 /* LibraryView.swift */,
			A20130 /* LibraryPipelineStore.swift */,
			A20020 /* DownloadQueueView.swift */,
			A20002 /* VideoScraper.swift */,
			A20003 /* ClipboardManager.swift */,
			A20001 /* Models.swift */,
			A20028 /* ScraperEngine.swift */,
			A50010 /* Extractors */,
			A20013 /* AppStateManager.swift */,
				A20009 /* MegaManager.swift */,
				A20011 /* GDriveManager.swift */,
				A20086 /* SeedboxManager.swift */,
				A20033 /* CloudHub.swift */,
			A20017 /* DownloadQueue.swift */,
			A20016 /* VideoLibrary.swift */,
			A20015 /* ThumbnailCache.swift */,
			A20089 /* LibraryThumbnailResolver.swift */,
			A20014 /* NotificationManager.swift */,
			A20027 /* IntentHandler.swift */,
			A20021 /* DropHandler.swift */,
			A20061 /* LicenseManager.swift */,
			A20064 /* HardwareID.swift */,
			A20062 /* Theme.swift */,
				A20063 /* GlassComponents.swift */,
			A20075 /* NetworkConstants.swift */,
			A20076 /* Logging.swift */,
			A20025 /* ProFeatureGate.swift */,
			A20026 /* UpgradeOverlay.swift */,
			A20022 /* AboutWindow.swift */,
			A20047 /* ActiveWorkTracker.swift */,
			A20038 /* VideoProcessor.swift */,
			A20041 /* CloudKitManager.swift */,
			A20042 /* CloudSyncScheduler.swift */,
			A20043 /* WidgetDataStore.swift */,
			A20010 /* Assets.xcassets */,
			A20008 /* Info.plist */,
			A20052 /* DownloadManager.swift */,
			A20054 /* DownloadProgressDelegate.swift */,
			A20060 /* WebViewExtractor.swift */,
		);
		path = PMVDL;
		sourceTree = "<group>";
	};
	A50011 /* History */ = {
		isa = PBXGroup;
		children = (
			A20067 /* HistoryManager.swift */,
			A20068 /* HistoryView.swift */,
		);
		path = History;
		sourceTree = "<group>";
	};
	A50019 /* Feed */ = {
		isa = PBXGroup;
		children = (
			A20098 /* FeedItem.swift */,
			A20099 /* FeedScraper.swift */,
			A20100 /* FeedViewModel.swift */,
			A20102 /* FeedView.swift */,
			A20121 /* PornHubSessionManager.swift */,
			A20122 /* PornHubLoginView.swift */,
			A20128 /* PornHubBrowserView.swift */,
			A20126 /* EpornerSessionManager.swift */,
			A20127 /* EpornerLoginView.swift */,
		);
		path = Feed;
		sourceTree = "<group>";
	};
	A50020 /* Favorites */ = {
		isa = PBXGroup;
		children = (
			A20103 /* FeedFavoriteItem.swift */,
			A20104 /* FeedFavoritesStore.swift */,
			A20105 /* FavoritesDisplay.swift */,
			A20106 /* FavoritesView.swift */,
			A20107 /* FavoriteCardView.swift */,
		);
		path = Favorites;
		sourceTree = "<group>";
	};
	A50021 /* RemoteFiles */ = {
		isa = PBXGroup;
		children = (
			A20108 /* RemoteFileModels.swift */,
			A20109 /* RemotePath.swift */,
			A20110 /* RemoteFileClient.swift */,
			A20111 /* RemoteFileTextPolicy.swift */,
			A20112 /* RcloneRemoteFileClient.swift */,
			A20113 /* WebDAVRemoteFileClient.swift */,
			A20114 /* SeedboxRemoteFileClient.swift */,
			A20115 /* RemoteFilesViewModel.swift */,
			A20117 /* RemoteFileEditorView.swift */,
			A20118 /* RemoteFilesDisplay.swift */,
		);
		path = RemoteFiles;
		sourceTree = "<group>";
	};
	A50014 /* Settings */ = {
		isa = PBXGroup;
		children = (
			A20071 /* SettingsView.swift */,
			A20087 /* SettingsDependencyState.swift */,
			A20088 /* SettingsDependencyStore.swift */,
			A20129 /* RcloneRemoteSetup.swift */,
		);
		path = Settings;
		sourceTree = "<group>";
	};
	A50015 /* Home */ = {
		isa = PBXGroup;
			children = (
				A20090 /* HomeLayoutMetrics.swift */,
				A20091 /* HomeURLInputModel.swift */,
				A20092 /* HomeHeroHeader.swift */,
				A20093 /* HomeURLInputCard.swift */,
				A20119 /* HomeCompactQueue.swift */,
				A20131 /* ExtractionModalView.swift */,
				A20094 /* VideoResultPresentation.swift */,
				A20095 /* BatchDownloadBar.swift */,
			A20096 /* HomeStatusRail.swift */,
			A20097 /* VideoResultCard.swift */,
			A20072 /* DependencySetupPanel.swift */,
			A20073 /* VideoResultRow.swift */,
		);
		path = Home;
		sourceTree = "<group>";
	};
	A50016 /* Extensions */ = {
		isa = PBXGroup;
		children = (
			A20074 /* String+Parsing.swift */,
		);
		path = Extensions;
		sourceTree = "<group>";
	};
	A50017 /* Downloads */ = {
		isa = PBXGroup;
		children = (
			A20078 /* DownloadPaths.swift */,
			A20079 /* DownloadProgressParsers.swift */,
			A20080 /* DownloadResolution.swift */,
			A20081 /* DownloadJobs.swift */,
			A20082 /* DirectDownloader.swift */,
			A20083 /* YtDlpRunner.swift */,
			A20084 /* HLSDownloader.swift */,
			A20085 /* EncryptedHLSDecoder.swift */,
		);
		path = Downloads;
		sourceTree = "<group>";
	};
	A50018 /* Infrastructure */ = {
		isa = PBXGroup;
		children = (
			A20077 /* SubprocessRunner.swift */,
		);
		path = Infrastructure;
		sourceTree = "<group>";
	};
	A50003 /* Products */ = {
		isa = PBXGroup;
		children = (
			A30001 /* VidDL.app */,
			T30001 /* VidDLTests.xctest */,
		);
		name = Products;
		sourceTree = "<group>";
	};
	T50001 /* PMVDLTests */ = {
		isa = PBXGroup;
		children = (
			T20001 /* SubprocessRunnerTests.swift */,
			T20002 /* DownloadResolutionTests.swift */,
			T20003 /* DownloadQueueProjectionTests.swift */,
			T20004 /* ProgressParserTests.swift */,
			T20005 /* SettingsDependencyStateTests.swift */,
			T20006 /* ThumbnailCacheTests.swift */,
			T20007 /* LibraryThumbnailResolverTests.swift */,
			T20008 /* HomeURLInputModelTests.swift */,
			T20009 /* VideoResultPresentationTests.swift */,
			T20010 /* HomeBatchTargetTests.swift */,
			T20011 /* FeedFilterTests.swift */,
			T20012 /* HQPornerFeedScraperTests.swift */,
			T20013 /* DownloadQueueResumeTests.swift */,
			T20014 /* FeedFavoritesTests.swift */,
			T20015 /* RemotePathTests.swift */,
			T20016 /* RcloneRemoteFileParserTests.swift */,
			T20017 /* WebDAVRemoteFileParserTests.swift */,
			T20018 /* RemoteFileTextPolicyTests.swift */,
			T20019 /* RemoteFilesDisplayTests.swift */,
			T20020 /* VideoProcessingTests.swift */,
			T20021 /* ProfileNarrativeFormatterTests.swift */,
			T20022 /* NavigationGateTests.swift */,
			T20023 /* PornHubBrowserTests.swift */,
			T20024 /* DownloadPathsTests.swift */,
			T20025 /* RcloneRemoteSetupTests.swift */,
		);
		path = PMVDLTests;
		sourceTree = "<group>";
	};
	A50005 /* Resources */ = {
		isa = PBXGroup;
		children = (
			A20050 /* CHANGELOG.md */,
			A20051 /* LICENSE */,
		);
		name = Resources;
		sourceTree = "<group>";
	};
	A50010 /* Extractors */ = {
		isa = PBXGroup;
		children = (
			A20029 /* NativeVideoPageExtractor.swift */,
			A20030 /* YtDlpExtractor.swift */,
			A20031 /* M3U8Extractor.swift */,
			A20032 /* ScraperErrors.swift */,
			A20053 /* VidaraExtractor.swift */,
			A20055 /* LuluStreamExtractor.swift */,
			A20056 /* ProviderLinkExtractor.swift */,
			A20057 /* StreamTapeExtractor.swift */,
			A20058 /* MixDropExtractor.swift */,
			A20059 /* DoodStreamExtractor.swift */,
			A20120 /* HQPornerExtractor.swift */,
		);
		name = Extractors;
		sourceTree = "<group>";
		path = Extractors;
	};
/* End PBXGroup section */

/* Begin PBXNativeTarget section */
	A60001 /* PMVDL */ = {
		isa = PBXNativeTarget;
		buildConfigurationList = A80001;
		buildPhases = (
			A70001 /* Sources */,
			A40001 /* Frameworks */,
			A70002 /* Resources */,
			A70003 /* Remove test artifacts from app bundle */,
		);
		buildRules = (
		);
		dependencies = (
		);
		name = PMVDL;
		packageProductDependencies = (
		);
		productName = VidDL;
		productReference = A30001 /* VidDL.app */;
		productType = "com.apple.product-type.application";
	};
	T60001 /* VidDLTests */ = {
		isa = PBXNativeTarget;
		buildConfigurationList = T80001 /* Build configuration list for PBXNativeTarget "VidDLTests" */;
		buildPhases = (
			T70001 /* Sources */,
			T40001 /* Frameworks */,
		);
		buildRules = (
		);
		dependencies = (
			T60002 /* PBXTargetDependency */,
		);
		name = VidDLTests;
		productName = VidDLTests;
		productReference = T30001 /* VidDLTests.xctest */;
		productType = "com.apple.product-type.bundle.unit-test";
	};
/* End PBXNativeTarget section */

/* Begin PBXContainerItemProxy section */
	T60003 /* PBXContainerItemProxy */ = {
		isa = PBXContainerItemProxy;
		containerPortal = A90001 /* Project object */;
		proxyType = 1;
		remoteGlobalIDString = A60001;
		remoteInfo = PMVDL;
	};
/* End PBXContainerItemProxy section */

/* Begin PBXProject section */
	A90001 /* Project object */ = {
		isa = PBXProject;
		attributes = {
			BuildIndependentTargetsInParallel = 1;
			LastSwiftUpdateCheck = 1600;
			LastUpgradeCheck = 1600;
		};
		buildConfigurationList = A80002;
		compatibilityVersion = "Xcode 14.0";
		developmentRegion = en;
		hasScannedForEncodings = 0;
		knownRegions = (
			en,
			Base,
		);
		mainGroup = A50001;
		packageReferences = (
		);
		productRefGroup = A50003 /* Products */;
		projectDirPath = "";
		projectRoot = "";
		targets = (
			A60001 /* PMVDL */,
			T60001 /* VidDLTests */,
		);
	};
/* End PBXProject section */

/* Begin PBXShellScriptBuildPhase section */
	A70003 /* Remove test artifacts from app bundle */ = {
		isa = PBXShellScriptBuildPhase;
		alwaysOutOfDate = 1;
		buildActionMask = 2147483647;
		files = (
		);
		inputFileListPaths = (
		);
		inputPaths = (
		);
		name = "Remove test artifacts from app bundle";
		outputFileListPaths = (
		);
		outputPaths = (
		);
		runOnlyForDeploymentPostprocessing = 0;
		shellPath = /bin/sh;
		shellScript = "APP_CONTENTS=\"${TARGET_BUILD_DIR}/${CONTENTS_FOLDER_PATH}\"\nrm -rf \"${APP_CONTENTS}/PlugIns\"/*.xctest\nrm -rf \"${APP_CONTENTS}/Frameworks\"/XCTest*.framework\nrm -rf \"${APP_CONTENTS}/Frameworks\"/XCUIAutomation.framework\nrm -rf \"${APP_CONTENTS}/Frameworks\"/XCTAutomationSupport.framework\nrm -rf \"${APP_CONTENTS}/Frameworks\"/XCUnit.framework\nrm -rf \"${APP_CONTENTS}/Frameworks\"/Testing.framework\nrm -f \"${APP_CONTENTS}/Frameworks\"/libXCTest*.dylib\n";
	};
/* End PBXShellScriptBuildPhase section */

/* Begin PBXResourcesBuildPhase section */
	A70002 /* Resources */ = {
		isa = PBXResourcesBuildPhase;
		buildActionMask = 2147483647;
		files = (
			A10010 /* Assets.xcassets in Resources */,
			A10050 /* CHANGELOG.md in Resources */,
			A10051 /* LICENSE in Resources */,
		);
		runOnlyForDeploymentPostprocessing = 0;
	};
/* End PBXResourcesBuildPhase section */

/* Begin PBXSourcesBuildPhase section */
	A70001 /* Sources */ = {
		isa = PBXSourcesBuildPhase;
		buildActionMask = 2147483647;
		files = (
			A10001 /* Models.swift in Sources */,
			A10002 /* VideoScraper.swift in Sources */,
			A10003 /* ClipboardManager.swift in Sources */,
			A10004 /* VidDLApp.swift in Sources */,
			A10005 /* ContentView.swift in Sources */,
			A10013 /* AppStateManager.swift in Sources */,
			A10014 /* NotificationManager.swift in Sources */,
			A10015 /* ThumbnailCache.swift in Sources */,
			A10016 /* VideoLibrary.swift in Sources */,
			A10017 /* DownloadQueue.swift in Sources */,
			A10018 /* HomeView.swift in Sources */,
			A10019 /* LibraryView.swift in Sources */,
			A10130 /* LibraryPipelineStore.swift in Sources */,
			A10089 /* LibraryThumbnailResolver.swift in Sources */,
			A10020 /* DownloadQueueView.swift in Sources */,
			A10021 /* DropHandler.swift in Sources */,
			A10022 /* AboutWindow.swift in Sources */,
			A10025 /* ProFeatureGate.swift in Sources */,
			A10026 /* UpgradeOverlay.swift in Sources */,
			A10027 /* IntentHandler.swift in Sources */,
			A10028 /* ScraperEngine.swift in Sources */,
			A10029 /* NativeVideoPageExtractor.swift in Sources */,
			A10030 /* YtDlpExtractor.swift in Sources */,
			A10031 /* M3U8Extractor.swift in Sources */,
			A10032 /* ScraperErrors.swift in Sources */,
			A10053 /* VidaraExtractor.swift in Sources */,
			A10055 /* LuluStreamExtractor.swift in Sources */,
			A10056 /* ProviderLinkExtractor.swift in Sources */,
			A10033 /* CloudHub.swift in Sources */,
			A10038 /* VideoProcessor.swift in Sources */,
			A10041 /* CloudKitManager.swift in Sources */,
			A10042 /* CloudSyncScheduler.swift in Sources */,
			A10043 /* WidgetDataStore.swift in Sources */,
			A10047 /* ActiveWorkTracker.swift in Sources */,
				A10008 /* MegaManager.swift in Sources */,
				A10011 /* GDriveManager.swift in Sources */,
				A10086 /* SeedboxManager.swift in Sources */,
			A10052 /* DownloadManager.swift in Sources */,
			A10054 /* DownloadProgressDelegate.swift in Sources */,
			A10057 /* StreamTapeExtractor.swift in Sources */,
			A10058 /* MixDropExtractor.swift in Sources */,
			A10059 /* DoodStreamExtractor.swift in Sources */,
			A10120 /* HQPornerExtractor.swift in Sources */,
			A10060 /* WebViewExtractor.swift in Sources */,
			A10061 /* LicenseManager.swift in Sources */,
			A10064 /* HardwareID.swift in Sources */,
			A10062 /* Theme.swift in Sources */,
				A10063 /* GlassComponents.swift in Sources */,
			A10067 /* HistoryManager.swift in Sources */,
			A10068 /* HistoryView.swift in Sources */,
			A10071 /* SettingsView.swift in Sources */,
			A10087 /* SettingsDependencyState.swift in Sources */,
			A10088 /* SettingsDependencyStore.swift in Sources */,
			A10129 /* RcloneRemoteSetup.swift in Sources */,
				A10072 /* DependencySetupPanel.swift in Sources */,
				A10073 /* VideoResultRow.swift in Sources */,
				A10090 /* HomeLayoutMetrics.swift in Sources */,
				A10091 /* HomeURLInputModel.swift in Sources */,
				A10092 /* HomeHeroHeader.swift in Sources */,
				A10093 /* HomeURLInputCard.swift in Sources */,
				A10119 /* HomeCompactQueue.swift in Sources */,
				A10131 /* ExtractionModalView.swift in Sources */,
				A10094 /* VideoResultPresentation.swift in Sources */,
				A10095 /* BatchDownloadBar.swift in Sources */,
			A10096 /* HomeStatusRail.swift in Sources */,
			A10097 /* VideoResultCard.swift in Sources */,
			A10098 /* FeedItem.swift in Sources */,
			A10099 /* FeedScraper.swift in Sources */,
				A10100 /* FeedViewModel.swift in Sources */,
				A10102 /* FeedView.swift in Sources */,
				A10121 /* PornHubSessionManager.swift in Sources */,
				A10122 /* PornHubLoginView.swift in Sources */,
				A10128 /* PornHubBrowserView.swift in Sources */,
				A10126 /* EpornerSessionManager.swift in Sources */,
				A10127 /* EpornerLoginView.swift in Sources */,
				A10103 /* FeedFavoriteItem.swift in Sources */,
			A10104 /* FeedFavoritesStore.swift in Sources */,
			A10105 /* FavoritesDisplay.swift in Sources */,
			A10106 /* FavoritesView.swift in Sources */,
			A10107 /* FavoriteCardView.swift in Sources */,
			A10108 /* RemoteFileModels.swift in Sources */,
			A10109 /* RemotePath.swift in Sources */,
			A10110 /* RemoteFileClient.swift in Sources */,
			A10111 /* RemoteFileTextPolicy.swift in Sources */,
			A10112 /* RcloneRemoteFileClient.swift in Sources */,
			A10113 /* WebDAVRemoteFileClient.swift in Sources */,
			A10114 /* SeedboxRemoteFileClient.swift in Sources */,
			A10115 /* RemoteFilesViewModel.swift in Sources */,
			A10117 /* RemoteFileEditorView.swift in Sources */,
			A10118 /* RemoteFilesDisplay.swift in Sources */,
			A10074 /* String+Parsing.swift in Sources */,
			A10075 /* NetworkConstants.swift in Sources */,
			A10076 /* Logging.swift in Sources */,
			A10077 /* SubprocessRunner.swift in Sources */,
			A10078 /* DownloadPaths.swift in Sources */,
			A10079 /* DownloadProgressParsers.swift in Sources */,
			A10080 /* DownloadResolution.swift in Sources */,
			A10081 /* DownloadJobs.swift in Sources */,
			A10082 /* DirectDownloader.swift in Sources */,
			A10083 /* YtDlpRunner.swift in Sources */,
			A10084 /* HLSDownloader.swift in Sources */,
			A10085 /* EncryptedHLSDecoder.swift in Sources */,
		);
		runOnlyForDeploymentPostprocessing = 0;
	};
	T70001 /* Sources */ = {
		isa = PBXSourcesBuildPhase;
		buildActionMask = 2147483647;
		files = (
			T10001 /* SubprocessRunnerTests.swift in Sources */,
			T10002 /* DownloadResolutionTests.swift in Sources */,
			T10003 /* DownloadQueueProjectionTests.swift in Sources */,
			T10004 /* ProgressParserTests.swift in Sources */,
			T10005 /* SettingsDependencyStateTests.swift in Sources */,
			T10006 /* ThumbnailCacheTests.swift in Sources */,
			T10007 /* LibraryThumbnailResolverTests.swift in Sources */,
			T10008 /* HomeURLInputModelTests.swift in Sources */,
			T10009 /* VideoResultPresentationTests.swift in Sources */,
			T10010 /* HomeBatchTargetTests.swift in Sources */,
			T10011 /* FeedFilterTests.swift in Sources */,
			T10012 /* HQPornerFeedScraperTests.swift in Sources */,
			T10013 /* DownloadQueueResumeTests.swift in Sources */,
			T10014 /* FeedFavoritesTests.swift in Sources */,
			T10015 /* RemotePathTests.swift in Sources */,
			T10016 /* RcloneRemoteFileParserTests.swift in Sources */,
			T10017 /* WebDAVRemoteFileParserTests.swift in Sources */,
			T10018 /* RemoteFileTextPolicyTests.swift in Sources */,
			T10019 /* RemoteFilesDisplayTests.swift in Sources */,
			T10020 /* VideoProcessingTests.swift in Sources */,
			T10021 /* ProfileNarrativeFormatterTests.swift in Sources */,
			T10022 /* NavigationGateTests.swift in Sources */,
			T10023 /* PornHubBrowserTests.swift in Sources */,
			T10024 /* DownloadPathsTests.swift in Sources */,
			T10025 /* RcloneRemoteSetupTests.swift in Sources */,
		);
		runOnlyForDeploymentPostprocessing = 0;
	};
/* End PBXSourcesBuildPhase section */

/* Begin PBXTargetDependency section */
	T60002 /* PBXTargetDependency */ = {
		isa = PBXTargetDependency;
		target = A60001 /* PMVDL */;
		targetProxy = T60003 /* PBXContainerItemProxy */;
	};
/* End PBXTargetDependency section */

/* Begin XCBuildConfiguration section */
	B10001 /* Debug */ = {
		isa = XCBuildConfiguration;
		buildSettings = {
			ASSETCATALOG_COMPILER_APPICON_NAME = AppIcon;
			ASSETCATALOG_COMPILER_GLOBAL_ACCENT_COLOR_NAME = AccentColor;
			CODE_SIGN_STYLE = Manual;
			DEAD_CODE_STRIPPING = YES;
			DEBUG_INFORMATION_FORMAT = dwarf;
			ENABLE_HARDENED_RUNTIME = YES;
			ENABLE_TESTABILITY = YES;
			GCC_OPTIMIZATION_LEVEL = 0;
			INFOPLIST_FILE = PMVDL/Info.plist;
			PRODUCT_NAME = VidDL;
			INFOPLIST_KEY_LSApplicationCategoryType = "public.app-category.utilities";
			LD_RUNPATH_SEARCH_PATHS = (
				"$(inherited)",
				"@executable_path/../Frameworks",
			);
			MACOSX_DEPLOYMENT_TARGET = 14.0;
			MTL_ENABLE_DEBUG_INFO = INCLUDE_SOURCE;
			ONLY_ACTIVE_ARCH = YES;
			PRODUCT_BUNDLE_IDENTIFIER = com.pmvdl.app;
			SWIFT_ACTIVE_COMPILATION_CONDITIONS = "DEBUG";
			SWIFT_VERSION = 5.0;
		};
		name = Debug;
	};
	B10002 /* Release */ = {
		isa = XCBuildConfiguration;
		buildSettings = {
			ASSETCATALOG_COMPILER_APPICON_NAME = AppIcon;
			ASSETCATALOG_COMPILER_GLOBAL_ACCENT_COLOR_NAME = AccentColor;
			CODE_SIGN_STYLE = Manual;
			DEAD_CODE_STRIPPING = YES;
			DEBUG_INFORMATION_FORMAT = "dwarf-with-dsym";
			ENABLE_HARDENED_RUNTIME = YES;
			INFOPLIST_FILE = PMVDL/Info.plist;
			PRODUCT_NAME = VidDL;
			INFOPLIST_KEY_LSApplicationCategoryType = "public.app-category.utilities";
			LD_RUNPATH_SEARCH_PATHS = (
				"$(inherited)",
				"@executable_path/../Frameworks",
			);
			MACOSX_DEPLOYMENT_TARGET = 14.0;
			MTL_ENABLE_DEBUG_INFO = NO;
			PRODUCT_BUNDLE_IDENTIFIER = com.pmvdl.app;
			SWIFT_COMPILATION_MODE = wholemodule;
			SWIFT_OPTIMIZATION_LEVEL = "-O";
			SWIFT_VERSION = 5.0;
		};
		name = Release;
	};
	B20001 /* Debug */ = {
		isa = XCBuildConfiguration;
		buildSettings = {
			ALWAYS_SEARCH_USER_PATHS = NO;
			CLANG_ENABLE_MODULES = YES;
			DEAD_CODE_STRIPPING = YES;
			DEBUG_INFORMATION_FORMAT = dwarf;
			GCC_OPTIMIZATION_LEVEL = 0;
			MACOSX_DEPLOYMENT_TARGET = 14.0;
			MTL_ENABLE_DEBUG_INFO = INCLUDE_SOURCE;
			ONLY_ACTIVE_ARCH = YES;
			SDKROOT = macosx;
			SWIFT_ACTIVE_COMPILATION_CONDITIONS = "DEBUG";
			SWIFT_OPTIMIZATION_LEVEL = "-Onone";
			SWIFT_VERSION = 5.0;
		};
		name = Debug;
	};
	B20002 /* Release */ = {
		isa = XCBuildConfiguration;
		buildSettings = {
			ALWAYS_SEARCH_USER_PATHS = NO;
			CLANG_ENABLE_MODULES = YES;
			DEAD_CODE_STRIPPING = YES;
			DEBUG_INFORMATION_FORMAT = "dwarf-with-dsym";
			MACOSX_DEPLOYMENT_TARGET = 14.0;
			MTL_ENABLE_DEBUG_INFO = NO;
			SDKROOT = macosx;
			SWIFT_COMPILATION_MODE = wholemodule;
			SWIFT_OPTIMIZATION_LEVEL = "-O";
			SWIFT_VERSION = 5.0;
		};
		name = Release;
	};
	T90001 /* Debug */ = {
		isa = XCBuildConfiguration;
		buildSettings = {
			BUNDLE_LOADER = "$(TEST_HOST)";
			CODE_SIGN_IDENTITY = "-";
			CODE_SIGN_STYLE = Automatic;
			DEBUG_INFORMATION_FORMAT = dwarf;
			GENERATE_INFOPLIST_FILE = YES;
			MACOSX_DEPLOYMENT_TARGET = 14.0;
			PRODUCT_BUNDLE_IDENTIFIER = com.pmvdl.app.tests;
			PRODUCT_NAME = "$(TARGET_NAME)";
			SDKROOT = macosx;
			SWIFT_ACTIVE_COMPILATION_CONDITIONS = "DEBUG";
			SWIFT_OPTIMIZATION_LEVEL = "-Onone";
			SWIFT_VERSION = 5.0;
			TEST_HOST = "$(BUILT_PRODUCTS_DIR)/VidDL.app/Contents/MacOS/VidDL";
		};
		name = Debug;
	};
	T90002 /* Release */ = {
		isa = XCBuildConfiguration;
		buildSettings = {
			BUNDLE_LOADER = "$(TEST_HOST)";
			CODE_SIGN_IDENTITY = "-";
			CODE_SIGN_STYLE = Automatic;
			DEBUG_INFORMATION_FORMAT = "dwarf-with-dsym";
			GENERATE_INFOPLIST_FILE = YES;
			MACOSX_DEPLOYMENT_TARGET = 14.0;
			PRODUCT_BUNDLE_IDENTIFIER = com.pmvdl.app.tests;
			PRODUCT_NAME = "$(TARGET_NAME)";
			SDKROOT = macosx;
			SWIFT_COMPILATION_MODE = wholemodule;
			SWIFT_OPTIMIZATION_LEVEL = "-O";
			SWIFT_VERSION = 5.0;
			TEST_HOST = "$(BUILT_PRODUCTS_DIR)/VidDL.app/Contents/MacOS/VidDL";
		};
		name = Release;
	};
/* End XCBuildConfiguration section */

/* Begin XCConfigurationList section */
	A80001 /* Build configuration list for PBXNativeTarget "PMVDL" */ = {
		isa = XCConfigurationList;
		buildConfigurations = (
			B10001 /* Debug */,
			B10002 /* Release */,
		);
		defaultConfigurationIsVisible = 0;
		defaultConfigurationName = Release;
	};
	A80002 /* Build configuration list for PBXProject "PMVDL" */ = {
		isa = XCConfigurationList;
		buildConfigurations = (
			B20001 /* Debug */,
			B20002 /* Release */,
		);
		defaultConfigurationIsVisible = 0;
		defaultConfigurationName = Release;
	};
	T80001 /* Build configuration list for PBXNativeTarget "VidDLTests" */ = {
		isa = XCConfigurationList;
		buildConfigurations = (
			T90001 /* Debug */,
			T90002 /* Release */,
		);
		defaultConfigurationIsVisible = 0;
		defaultConfigurationName = Release;
	};
/* End XCConfigurationList section */

};
rootObject = A90001 /* Project object */;
}
